
Microsoft Visual Studio Solution File, Format Version 12.00
# Visual Studio Version 17
VisualStudioVersion = 17.7.34221.43
MinimumVisualStudioVersion = 10.0.40219.1
Project("{9A19103F-16F7-4668-BE54-9A1E7A4F7556}") = "Zlebuh.MinTacToe", "Zlebuh.MinTacToe\Zlebuh.MinTacToe.csproj", "{4FDEDE6C-1204-4C09-B19E-0EED82A706B9}"
EndProject
Project("{9A19103F-16F7-4668-BE54-9A1E7A4F7556}") = "Zlebuh.MinTacToe.ConsoleApp", "Zlebuh.MinTacToe.ConsoleApp\Zlebuh.MinTacToe.ConsoleApp.csproj", "{BB115BB5-3A38-40D9-8DE7-86584F54A33B}"
EndProject
Project("{FAE04EC0-301F-11D3-BF4B-00C04F79EFBC}") = "Zlebuh.MinTacToe.AIPlayers", "Zlebuh.MinTacToe.AIPlayers\Zlebuh.MinTacToe.AIPlayers.csproj", "{6DA11E4B-4D51-4379-BDCF-D859999F6271}"
EndProject
Project("{FAE04EC0-301F-11D3-BF4B-00C04F79EFBC}") = "Zlebuh.MinTacToe.UI", "Zlebuh.MinTacToe.UI\Zlebuh.MinTacToe.UI.csproj", "{82188E70-1406-4F72-952E-49DE795C4713}"
EndProject
Project("{FAE04EC0-301F-11D3-BF4B-00C04F79EFBC}") = "Zlebuh.MinTacToe.Tests", "Zlebuh.MinTacToe.Tests\Zlebuh.MinTacToe.Tests.csproj", "{4BDB237D-B0F9-4310-AE41-50B0AF33D336}"
EndProject
Project("{FAE04EC0-301F-11D3-BF4B-00C04F79EFBC}") = "Zlebuh.MinTacToe.API", "Zlebuh.MinTacToe.API\Zlebuh.MinTacToe.API.csproj", "{A1BAD26D-4525-48DE-A4F8-25BB0B7759A9}"
EndProject
Global
	GlobalSection(SolutionConfigurationPlatforms) = preSolution
		Debug|Any CPU = Debug|Any CPU
		Release|Any CPU = Release|Any CPU
	EndGlobalSection
	GlobalSection(ProjectConfigurationPlatforms) = postSolution
		{4FDEDE6C-1204-4C09-B19E-0EED82A706B9}.Debug|Any CPU.ActiveCfg = Debug|Any CPU
		{4FDEDE6C-1204-4C09-B19E-0EED82A706B9}.Debug|Any CPU.Build.0 = Debug|Any CPU
		{4FDEDE6C-1204-4C09-B19E-0EED82A706B9}.Release|Any CPU.ActiveCfg = Release|Any CPU
		{4FDEDE6C-1204-4C09-B19E-0EED82A706B9}.Release|Any CPU.Build.0 = Release|Any CPU
		{BB115BB5-3A38-40D9-8DE7-86584F54A33B}.Debug|Any CPU.ActiveCfg = Debug|Any CPU
		{BB115BB5-3A38-40D9-8DE7-86584F54A33B}.Debug|Any CPU.Build.0 = Debug|Any CPU
		{BB115BB5-3A38-40D9-8DE7-86584F54A33B}.Release|Any CPU.ActiveCfg = Release|Any CPU
		{BB115BB5-3A38-40D9-8DE7-86584F54A33B}.Release|Any CPU.Build.0 = Release|Any CPU
		{6DA11E4B-4D51-4379-BDCF-D859999F6271}.Debug|Any CPU.ActiveCfg = Debug|Any CPU
		{6DA11E4B-4D51-4379-BDCF-D859999F6271}.Debug|Any CPU.Build.0 = Debug|Any CPU
		{6DA11E4B-4D51-4379-BDCF-D859999F6271}.Release|Any CPU.ActiveCfg = Release|Any CPU
		{6DA11E4B-4D51-4379-BDCF-D859999F6271}.Release|Any CPU.Build.0 = Release|Any CPU
		{82188E70-1406-4F72-952E-49DE795C4713}.Debug|Any CPU.ActiveCfg = Debug|Any CPU
		{82188E70-1406-4F72-952E-49DE795C4713}.Debug|Any CPU.Build.0 = Debug|Any CPU
		{82188E70-1406-4F72-952E-49DE795C4713}.Release|Any CPU.ActiveCfg = Release|Any CPU
		{82188E70-1406-4F72-952E-49DE795C4713}.Release|Any CPU.Build.0 = Release|Any CPU
		{4BDB237D-B0F9-4310-AE41-50B0AF33D336}.Debug|Any CPU.ActiveCfg = Debug|Any CPU
		{4BDB237D-B0F9-4310-AE41-50B0AF33D336}.Debug|Any CPU.Build.0 = Debug|Any CPU
		{4BDB237D-B0F9-4310-AE41-50B0AF33D336}.Release|Any CPU.ActiveCfg = Release|Any CPU
		{4BDB237D-B0F9-4310-AE41-50B0AF33D336}.Release|Any CPU.Build.0 = Release|Any CPU
		{A1BAD26D-4525-48DE-A4F8-25BB0B7759A9}.Debug|Any CPU.ActiveCfg = Debug|Any CPU
		{A1BAD26D-4525-48DE-A4F8-25BB0B7759A9}.Debug|Any CPU.Build.0 = Debug|Any CPU
		{A1BAD26D-4525-48DE-A4F8-25BB0B7759A9}.Release|Any CPU.ActiveCfg = Release|Any CPU
		{A1BAD26D-4525-48DE-A4F8-25BB0B7759A9}.Release|Any CPU.Build.0 = Release|Any CPU
	EndGlobalSection
	GlobalSection(SolutionProperties) = preSolution
		HideSolutionNode = FALSE
	EndGlobalSection
	GlobalSection(ExtensibilityGlobals) = postSolution
		SolutionGuid = {26F9F119-0674-40B1-8F6F-7FB3D3E76E88}
	EndGlobalSection
EndGlobal
