
Microsoft Visual Studio Solution File, Format Version 12.00
# Visual Studio Version 17
VisualStudioVersion = 17.7.34221.43
MinimumVisualStudioVersion = 10.0.40219.1
Project("{9A19103F-16F7-4668-BE54-9A1E7A4F7556}") = "Zlebuh.MinTacToe.GameEngine", "src\Zlebuh.MinTacToe.GameEngine\Zlebuh.MinTacToe.GameEngine.csproj", "{4FDEDE6C-1204-4C09-B19E-0EED82A706B9}"
EndProject
Project("{FAE04EC0-301F-11D3-BF4B-00C04F79EFBC}") = "Zlebuh.MinTacToe.UI", "src\Zlebuh.MinTacToe.UI\Zlebuh.MinTacToe.UI.csproj", "{82188E70-1406-4F72-952E-49DE795C4713}"
EndProject
Project("{FAE04EC0-301F-11D3-BF4B-00C04F79EFBC}") = "Zlebuh.MinTacToe.GameEngine.Tests", "src\Zlebuh.MinTacToe.GameEngine.Tests\Zlebuh.MinTacToe.GameEngine.Tests.csproj", "{4BDB237D-B0F9-4310-AE41-50B0AF33D336}"
EndProject
Project("{FAE04EC0-301F-11D3-BF4B-00C04F79EFBC}") = "Zlebuh.MinTacToe.API", "src\Zlebuh.MinTacToe.API\Zlebuh.MinTacToe.API.csproj", "{A1BAD26D-4525-48DE-A4F8-25BB0B7759A9}"
EndProject
Project("{FAE04EC0-301F-11D3-BF4B-00C04F79EFBC}") = "Zlebuh.MinTacToe.APIModel", "src\Zlebuh.MinTacToe.APIModel\Zlebuh.MinTacToe.APIModel.csproj", "{A1854201-5487-4A55-B790-8EFB98AB566A}"
EndProject
Project("{FAE04EC0-301F-11D3-BF4B-00C04F79EFBC}") = "Zlebuh.MinTacToe.GameModel", "src\Zlebuh.MinTacToe.GameModel\Zlebuh.MinTacToe.GameModel.csproj", "{9C49D196-04CB-4D99-B95E-35999BF3AE1D}"
EndProject
Project("{FAE04EC0-301F-11D3-BF4B-00C04F79EFBC}") = "Zlebuh.MinTacToe.GameSerialization", "src\Zlebuh.MinTacToe.GameSerialization\Zlebuh.MinTacToe.GameSerialization.csproj", "{374322B1-4BF6-464F-969C-008CAD9B7E89}"
EndProject
Project("{FAE04EC0-301F-11D3-BF4B-00C04F79EFBC}") = "Zlebuh.MinTacToe.GameSerialization.Tests", "src\Zlebuh.MinTacToe.GameSerialization.Tests\Zlebuh.MinTacToe.GameSerialization.Tests.csproj", "{71CC2C32-53FC-45E1-B31A-2F45AA3FEFC7}"
EndProject
Global
	GlobalSection(SolutionConfigurationPlatforms) = preSolution
		Debug|Any CPU = Debug|Any CPU
		Release|Any CPU = Release|Any CPU
	EndGlobalSection
	GlobalSection(ProjectConfigurationPlatforms) = postSolution
		{4FDEDE6C-1204-4C09-B19E-0EED82A706B9}.Debug|Any CPU.ActiveCfg = Debug|Any CPU
		{4FDEDE6C-1204-4C09-B19E-0EED82A706B9}.Debug|Any CPU.Build.0 = Debug|Any CPU
		{4FDEDE6C-1204-4C09-B19E-0EED82A706B9}.Release|Any CPU.ActiveCfg = Release|Any CPU
		{4FDEDE6C-1204-4C09-B19E-0EED82A706B9}.Release|Any CPU.Build.0 = Release|Any CPU
		{82188E70-1406-4F72-952E-49DE795C4713}.Debug|Any CPU.ActiveCfg = Debug|Any CPU
		{82188E70-1406-4F72-952E-49DE795C4713}.Debug|Any CPU.Build.0 = Debug|Any CPU
		{82188E70-1406-4F72-952E-49DE795C4713}.Release|Any CPU.ActiveCfg = Release|Any CPU
		{82188E70-1406-4F72-952E-49DE795C4713}.Release|Any CPU.Build.0 = Release|Any CPU
		{4BDB237D-B0F9-4310-AE41-50B0AF33D336}.Debug|Any CPU.ActiveCfg = Debug|Any CPU
		{4BDB237D-B0F9-4310-AE41-50B0AF33D336}.Debug|Any CPU.Build.0 = Debug|Any CPU
		{4BDB237D-B0F9-4310-AE41-50B0AF33D336}.Release|Any CPU.ActiveCfg = Release|Any CPU
		{4BDB237D-B0F9-4310-AE41-50B0AF33D336}.Release|Any CPU.Build.0 = Release|Any CPU
		{A1BAD26D-4525-48DE-A4F8-25BB0B7759A9}.Debug|Any CPU.ActiveCfg = Debug|Any CPU
		{A1BAD26D-4525-48DE-A4F8-25BB0B7759A9}.Debug|Any CPU.Build.0 = Debug|Any CPU
		{A1BAD26D-4525-48DE-A4F8-25BB0B7759A9}.Release|Any CPU.ActiveCfg = Release|Any CPU
		{A1BAD26D-4525-48DE-A4F8-25BB0B7759A9}.Release|Any CPU.Build.0 = Release|Any CPU
		{A1854201-5487-4A55-B790-8EFB98AB566A}.Debug|Any CPU.ActiveCfg = Debug|Any CPU
		{A1854201-5487-4A55-B790-8EFB98AB566A}.Debug|Any CPU.Build.0 = Debug|Any CPU
		{A1854201-5487-4A55-B790-8EFB98AB566A}.Release|Any CPU.ActiveCfg = Release|Any CPU
		{A1854201-5487-4A55-B790-8EFB98AB566A}.Release|Any CPU.Build.0 = Release|Any CPU
		{9C49D196-04CB-4D99-B95E-35999BF3AE1D}.Debug|Any CPU.ActiveCfg = Debug|Any CPU
		{9C49D196-04CB-4D99-B95E-35999BF3AE1D}.Debug|Any CPU.Build.0 = Debug|Any CPU
		{9C49D196-04CB-4D99-B95E-35999BF3AE1D}.Release|Any CPU.ActiveCfg = Release|Any CPU
		{9C49D196-04CB-4D99-B95E-35999BF3AE1D}.Release|Any CPU.Build.0 = Release|Any CPU
		{374322B1-4BF6-464F-969C-008CAD9B7E89}.Debug|Any CPU.ActiveCfg = Debug|Any CPU
		{374322B1-4BF6-464F-969C-008CAD9B7E89}.Debug|Any CPU.Build.0 = Debug|Any CPU
		{374322B1-4BF6-464F-969C-008CAD9B7E89}.Release|Any CPU.ActiveCfg = Release|Any CPU
		{374322B1-4BF6-464F-969C-008CAD9B7E89}.Release|Any CPU.Build.0 = Release|Any CPU
		{71CC2C32-53FC-45E1-B31A-2F45AA3FEFC7}.Debug|Any CPU.ActiveCfg = Debug|Any CPU
		{71CC2C32-53FC-45E1-B31A-2F45AA3FEFC7}.Debug|Any CPU.Build.0 = Debug|Any CPU
		{71CC2C32-53FC-45E1-B31A-2F45AA3FEFC7}.Release|Any CPU.ActiveCfg = Release|Any CPU
		{71CC2C32-53FC-45E1-B31A-2F45AA3FEFC7}.Release|Any CPU.Build.0 = Release|Any CPU
	EndGlobalSection
	GlobalSection(SolutionProperties) = preSolution
		HideSolutionNode = FALSE
	EndGlobalSection
	GlobalSection(ExtensibilityGlobals) = postSolution
		SolutionGuid = {26F9F119-0674-40B1-8F6F-7FB3D3E76E88}
	EndGlobalSection
EndGlobal
