
Microsoft Visual Studio Solution File, Format Version 12.00
# Visual Studio Version 17
VisualStudioVersion = 17.7.34221.43
MinimumVisualStudioVersion = 10.0.40219.1
Project("{9A19103F-16F7-4668-BE54-9A1E7A4F7556}") = "Zlebuh.MinTacToe", "Zlebuh.MinTacToe\Zlebuh.MinTacToe.csproj", "{4FDEDE6C-1204-4C09-B19E-0EED82A706B9}"
EndProject
Project("{9A19103F-16F7-4668-BE54-9A1E7A4F7556}") = "Zlebuh.MinTacToe.ConsoleApp", "Zlebuh.MinTacToe.ConsoleApp\Zlebuh.MinTacToe.ConsoleApp.csproj", "{BB115BB5-3A38-40D9-8DE7-86584F54A33B}"
EndProject
Project("{9A19103F-16F7-4668-BE54-9A1E7A4F7556}") = "Zlebuh.MinTacToe.API", "Zlebuh.MinTacToe.API\Zlebuh.MinTacToe.API.csproj", "{287A27FA-4CFB-4F38-BAC5-07DC9737F986}"
EndProject
Project("{54A90642-561A-4BB1-A94E-469ADEE60C69}") = "zlebuh.mintactoe.browserui", "zlebuh.mintactoe.browserui\zlebuh.mintactoe.browserui.esproj", "{CBA63FDF-92B9-4966-BC75-753DAD97F699}"
EndProject
Project("{FAE04EC0-301F-11D3-BF4B-00C04F79EFBC}") = "Zlebuh.MinTacToe.Tests", "Zlebuh.MinTacToe.Tests\Zlebuh.MinTacToe.Tests.csproj", "{FCA6BDCA-2039-4F17-B63B-324600752733}"
EndProject
Global
	GlobalSection(SolutionConfigurationPlatforms) = preSolution
		Debug|Any CPU = Debug|Any CPU
		Release|Any CPU = Release|Any CPU
	EndGlobalSection
	GlobalSection(ProjectConfigurationPlatforms) = postSolution
		{4FDEDE6C-1204-4C09-B19E-0EED82A706B9}.Debug|Any CPU.ActiveCfg = Debug|Any CPU
		{4FDEDE6C-1204-4C09-B19E-0EED82A706B9}.Debug|Any CPU.Build.0 = Debug|Any CPU
		{4FDEDE6C-1204-4C09-B19E-0EED82A706B9}.Release|Any CPU.ActiveCfg = Release|Any CPU
		{4FDEDE6C-1204-4C09-B19E-0EED82A706B9}.Release|Any CPU.Build.0 = Release|Any CPU
		{BB115BB5-3A38-40D9-8DE7-86584F54A33B}.Debug|Any CPU.ActiveCfg = Debug|Any CPU
		{BB115BB5-3A38-40D9-8DE7-86584F54A33B}.Debug|Any CPU.Build.0 = Debug|Any CPU
		{BB115BB5-3A38-40D9-8DE7-86584F54A33B}.Release|Any CPU.ActiveCfg = Release|Any CPU
		{BB115BB5-3A38-40D9-8DE7-86584F54A33B}.Release|Any CPU.Build.0 = Release|Any CPU
		{287A27FA-4CFB-4F38-BAC5-07DC9737F986}.Debug|Any CPU.ActiveCfg = Debug|Any CPU
		{287A27FA-4CFB-4F38-BAC5-07DC9737F986}.Debug|Any CPU.Build.0 = Debug|Any CPU
		{287A27FA-4CFB-4F38-BAC5-07DC9737F986}.Release|Any CPU.ActiveCfg = Release|Any CPU
		{287A27FA-4CFB-4F38-BAC5-07DC9737F986}.Release|Any CPU.Build.0 = Release|Any CPU
		{CBA63FDF-92B9-4966-BC75-753DAD97F699}.Debug|Any CPU.ActiveCfg = Debug|Any CPU
		{CBA63FDF-92B9-4966-BC75-753DAD97F699}.Debug|Any CPU.Build.0 = Debug|Any CPU
		{CBA63FDF-92B9-4966-BC75-753DAD97F699}.Debug|Any CPU.Deploy.0 = Debug|Any CPU
		{CBA63FDF-92B9-4966-BC75-753DAD97F699}.Release|Any CPU.ActiveCfg = Release|Any CPU
		{CBA63FDF-92B9-4966-BC75-753DAD97F699}.Release|Any CPU.Build.0 = Release|Any CPU
		{CBA63FDF-92B9-4966-BC75-753DAD97F699}.Release|Any CPU.Deploy.0 = Release|Any CPU
		{FCA6BDCA-2039-4F17-B63B-324600752733}.Debug|Any CPU.ActiveCfg = Debug|Any CPU
		{FCA6BDCA-2039-4F17-B63B-324600752733}.Debug|Any CPU.Build.0 = Debug|Any CPU
		{FCA6BDCA-2039-4F17-B63B-324600752733}.Release|Any CPU.ActiveCfg = Release|Any CPU
		{FCA6BDCA-2039-4F17-B63B-324600752733}.Release|Any CPU.Build.0 = Release|Any CPU
	EndGlobalSection
	GlobalSection(SolutionProperties) = preSolution
		HideSolutionNode = FALSE
	EndGlobalSection
	GlobalSection(ExtensibilityGlobals) = postSolution
		SolutionGuid = {26F9F119-0674-40B1-8F6F-7FB3D3E76E88}
	EndGlobalSection
EndGlobal
